{
  "name": "supreme-memory",
  "version": "0.0.1",
  "lockfileVersion": 3,
  "requires": true,
  "packages": {
    "": {
      "name": "supreme-memory",
      "version": "0.0.1",
      "license": "BSD-3-Clause",
      "workspaces": [
        "packages/frontend",
        "packages/backend"
      ]
    },
    "node_modules/supreme-memory-backend": {
      "resolved": "packages/backend",
      "link": true
    },
    "node_modules/supreme-memory-frontend": {
      "resolved": "packages/frontend",
      "link": true
    },
    "packages/backend": {
      "name": "supreme-memory-backend",
      "license": "BSD-3-Clause"
    },
    "packages/frontend": {
      "name": "supreme-memory-frontend",
      "license": "BSD-3-Clause"
    }
  }
}
